{
  "name": "process-url",
  "version": "1.0.0",
  "lockfileVersion": 2,
  "requires": true,
  "packages": {
    "": {
      "version": "1.0.0",
      "license": "ISC",
      "dependencies": {
        "cloudinary": "^1.25.0"
      }
    },
    "node_modules/cloudinary": {
      "version": "1.25.0",
      "resolved": "https://registry.npmjs.org/cloudinary/-/cloudinary-1.25.0.tgz",
      "integrity": "sha512-OwpRleb6cy/PQRHqgrRhaiK/lbppnFUXVygAq8l8ku3Cphmjk5ukQZGdMG9CzLatObzgT5hA6M8OG+GZ71zPZw==",
      "dependencies": {
        "cloudinary-core": "^2.10.2",
        "core-js": "3.6.5",
        "lodash": "^4.17.11",
        "q": "^1.5.1"
      },
      "engines": {
        "node": ">=0.6"
      }
    },
    "node_modules/cloudinary-core": {
      "version": "2.11.3",
      "resolved": "https://registry.npmjs.org/cloudinary-core/-/cloudinary-core-2.11.3.tgz",
      "integrity": "sha512-ZRnpjSgvx+LbSf+aEz5NKzxDB4Z0436aY/0BSDa90kAHiwAyd84VyEi95I74SE80e15Ri9t5S2xtksTXpzk9Xw==",
      "peerDependencies": {
        "lodash": ">=4.0"
      }
    },
    "node_modules/core-js": {
      "version": "3.6.5",
      "resolved": "https://registry.npmjs.org/core-js/-/core-js-3.6.5.tgz",
      "integrity": "sha512-vZVEEwZoIsI+vPEuoF9Iqf5H7/M3eeQqWlQnYa8FSKKePuYTf5MWnxb5SDAzCa60b3JBRS5g9b+Dq7b1y/RCrA==",
      "hasInstallScript": true,
      "funding": {
        "type": "opencollective",
        "url": "https://opencollective.com/core-js"
      }
    },
    "node_modules/lodash": {
      "version": "4.17.21",
      "resolved": "https://registry.npmjs.org/lodash/-/lodash-4.17.21.tgz",
      "integrity": "sha512-v2kDEe57lecTulaDIuNTPy3Ry4gLGJ6Z1O3vE1krgXZNrsQ+LFTGHVxVjcXPs17LhbZVGedAJv8XZ1tvj5FvSg=="
    },
    "node_modules/q": {
      "version": "1.5.1",
      "resolved": "https://registry.npmjs.org/q/-/q-1.5.1.tgz",
      "integrity": "sha1-fjL3W0E4EpHQRhHxvxQQmsAGUdc=",
      "engines": {
        "node": ">=0.6.0",
        "teleport": ">=0.2.0"
      }
    }
  },
  "dependencies": {
    "cloudinary": {
      "version": "1.25.0",
      "resolved": "https://registry.npmjs.org/cloudinary/-/cloudinary-1.25.0.tgz",
      "integrity": "sha512-OwpRleb6cy/PQRHqgrRhaiK/lbppnFUXVygAq8l8ku3Cphmjk5ukQZGdMG9CzLatObzgT5hA6M8OG+GZ71zPZw==",
      "requires": {
        "cloudinary-core": "^2.10.2",
        "core-js": "3.6.5",
        "lodash": "^4.17.11",
        "q": "^1.5.1"
      }
    },
    "cloudinary-core": {
      "version": "2.11.3",
      "resolved": "https://registry.npmjs.org/cloudinary-core/-/cloudinary-core-2.11.3.tgz",
      "integrity": "sha512-ZRnpjSgvx+LbSf+aEz5NKzxDB4Z0436aY/0BSDa90kAHiwAyd84VyEi95I74SE80e15Ri9t5S2xtksTXpzk9Xw==",
      "requires": {}
    },
    "core-js": {
      "version": "3.6.5",
      "resolved": "https://registry.npmjs.org/core-js/-/core-js-3.6.5.tgz",
      "integrity": "sha512-vZVEEwZoIsI+vPEuoF9Iqf5H7/M3eeQqWlQnYa8FSKKePuYTf5MWnxb5SDAzCa60b3JBRS5g9b+Dq7b1y/RCrA=="
    },
    "lodash": {
      "version": "4.17.21",
      "resolved": "https://registry.npmjs.org/lodash/-/lodash-4.17.21.tgz",
      "integrity": "sha512-v2kDEe57lecTulaDIuNTPy3Ry4gLGJ6Z1O3vE1krgXZNrsQ+LFTGHVxVjcXPs17LhbZVGedAJv8XZ1tvj5FvSg=="
    },
    "q": {
      "version": "1.5.1",
      "resolved": "https://registry.npmjs.org/q/-/q-1.5.1.tgz",
      "integrity": "sha1-fjL3W0E4EpHQRhHxvxQQmsAGUdc="
    }
  }
}
